// !$*UTF8*$!
{
	archiveVersion = 1;
	classes = {
	};
	objectVersion = 52;
	objects = {

/* Begin PBXBuildFile section */
		35AE0D2D285323D30055B263 /* ProfileView.swift in Sources */ = {isa = PBXBuildFile; fileRef = 35AE0D2C285323D30055B263 /* ProfileView.swift */; };
		35AE0D302853289A0055B263 /* EditProfileView.swift in Sources */ = {isa = PBXBuildFile; fileRef = 35AE0D2F2853289A0055B263 /* EditProfileView.swift */; };
		35B6EBE22859D337009CB1B0 /* UserControl.swift in Sources */ = {isa = PBXBuildFile; fileRef = 35B6EBE12859D337009CB1B0 /* UserControl.swift */; };
		35B6EBE52861924D009CB1B0 /* Game.swift in Sources */ = {isa = PBXBuildFile; fileRef = 35B6EBE42861924C009CB1B0 /* Game.swift */; };
		35E320FC2822236F003F72C8 /* FinalPojectApp.swift in Sources */ = {isa = PBXBuildFile; fileRef = 35E320FB2822236F003F72C8 /* FinalPojectApp.swift */; };
		35E320FE2822236F003F72C8 /* ContentView.swift in Sources */ = {isa = PBXBuildFile; fileRef = 35E320FD2822236F003F72C8 /* ContentView.swift */; };
		35E321002822237A003F72C8 /* Assets.xcassets in Resources */ = {isa = PBXBuildFile; fileRef = 35E320FF2822237A003F72C8 /* Assets.xcassets */; };
		35E321032822237A003F72C8 /* Preview Assets.xcassets in Resources */ = {isa = PBXBuildFile; fileRef = 35E321022822237A003F72C8 /* Preview Assets.xcassets */; };
		35E3210C2822242F003F72C8 /* GoogleService-Info.plist in Resources */ = {isa = PBXBuildFile; fileRef = 35E3210B2822242F003F72C8 /* GoogleService-Info.plist */; };
		35E3211828348EF9003F72C8 /* FirebaseAuth in Frameworks */ = {isa = PBXBuildFile; productRef = 35E3211728348EF9003F72C8 /* FirebaseAuth */; };
		35E3211A28348EF9003F72C8 /* FirebaseFirestoreSwift in Frameworks */ = {isa = PBXBuildFile; productRef = 35E3211928348EF9003F72C8 /* FirebaseFirestoreSwift */; };
		35E3211C28348EF9003F72C8 /* FirebaseStorage in Frameworks */ = {isa = PBXBuildFile; productRef = 35E3211B28348EF9003F72C8 /* FirebaseStorage */; };
		35E4CFF42847721C00143067 /* MailLogin.swift in Sources */ = {isa = PBXBuildFile; fileRef = 35E4CFF32847721C00143067 /* MailLogin.swift */; };
		35E4CFF7284A4C2100143067 /* MakeRoleView.swift in Sources */ = {isa = PBXBuildFile; fileRef = 35E4CFF6284A4C2100143067 /* MakeRoleView.swift */; };
		35E4CFFD284CA93500143067 /* MyColor.swift in Sources */ = {isa = PBXBuildFile; fileRef = 35E4CFFC284CA93500143067 /* MyColor.swift */; };
		35E4D001284F56CE00143067 /* User.swift in Sources */ = {isa = PBXBuildFile; fileRef = 35E4D000284F56CE00143067 /* User.swift */; };
		35E4D00A2850DB8400143067 /* ExtensionView.swift in Sources */ = {isa = PBXBuildFile; fileRef = 35E4D0092850DB8400143067 /* ExtensionView.swift */; };
		35E4D00E2851151C00143067 /* Pincllo Demo.ttf in Resources */ = {isa = PBXBuildFile; fileRef = 35E4D00D2851151C00143067 /* Pincllo Demo.ttf */; };
		35E4D012285116BC00143067 /* LoginView.swift in Sources */ = {isa = PBXBuildFile; fileRef = 35E4D011285116BC00143067 /* LoginView.swift */; };
/* End PBXBuildFile section */

/* Begin PBXFileReference section */
		35AE0D2C285323D30055B263 /* ProfileView.swift */ = {isa = PBXFileReference; lastKnownFileType = sourcecode.swift; path = ProfileView.swift; sourceTree = "<group>"; };
		35AE0D2F2853289A0055B263 /* EditProfileView.swift */ = {isa = PBXFileReference; lastKnownFileType = sourcecode.swift; path = EditProfileView.swift; sourceTree = "<group>"; };
		35B6EBE12859D337009CB1B0 /* UserControl.swift */ = {isa = PBXFileReference; lastKnownFileType = sourcecode.swift; path = UserControl.swift; sourceTree = "<group>"; };
		35B6EBE42861924C009CB1B0 /* Game.swift */ = {isa = PBXFileReference; lastKnownFileType = sourcecode.swift; path = Game.swift; sourceTree = "<group>"; };
		35E320F82822236F003F72C8 /* FinalPoject.app */ = {isa = PBXFileReference; explicitFileType = wrapper.application; includeInIndex = 0; path = FinalPoject.app; sourceTree = BUILT_PRODUCTS_DIR; };
		35E320FB2822236F003F72C8 /* FinalPojectApp.swift */ = {isa = PBXFileReference; lastKnownFileType = sourcecode.swift; path = FinalPojectApp.swift; sourceTree = "<group>"; };
		35E320FD2822236F003F72C8 /* ContentView.swift */ = {isa = PBXFileReference; lastKnownFileType = sourcecode.swift; path = ContentView.swift; sourceTree = "<group>"; };
		35E320FF2822237A003F72C8 /* Assets.xcassets */ = {isa = PBXFileReference; lastKnownFileType = folder.assetcatalog; path = Assets.xcassets; sourceTree = "<group>"; };
		35E321022822237A003F72C8 /* Preview Assets.xcassets */ = {isa = PBXFileReference; lastKnownFileType = folder.assetcatalog; path = "Preview Assets.xcassets"; sourceTree = "<group>"; };
		35E321042822237A003F72C8 /* Info.plist */ = {isa = PBXFileReference; lastKnownFileType = text.plist.xml; path = Info.plist; sourceTree = "<group>"; };
		35E3210B2822242F003F72C8 /* GoogleService-Info.plist */ = {isa = PBXFileReference; fileEncoding = 4; lastKnownFileType = text.plist.xml; path = "GoogleService-Info.plist"; sourceTree = "<group>"; };
		35E4CFF32847721C00143067 /* MailLogin.swift */ = {isa = PBXFileReference; lastKnownFileType = sourcecode.swift; path = MailLogin.swift; sourceTree = "<group>"; };
		35E4CFF6284A4C2100143067 /* MakeRoleView.swift */ = {isa = PBXFileReference; lastKnownFileType = sourcecode.swift; path = MakeRoleView.swift; sourceTree = "<group>"; };
		35E4CFFC284CA93500143067 /* MyColor.swift */ = {isa = PBXFileReference; lastKnownFileType = sourcecode.swift; path = MyColor.swift; sourceTree = "<group>"; };
		35E4D000284F56CE00143067 /* User.swift */ = {isa = PBXFileReference; lastKnownFileType = sourcecode.swift; path = User.swift; sourceTree = "<group>"; };
		35E4D0092850DB8400143067 /* ExtensionView.swift */ = {isa = PBXFileReference; lastKnownFileType = sourcecode.swift; path = ExtensionView.swift; sourceTree = "<group>"; };
		35E4D00D2851151C00143067 /* Pincllo Demo.ttf */ = {isa = PBXFileReference; lastKnownFileType = file; path = "Pincllo Demo.ttf"; sourceTree = "<group>"; };
		35E4D011285116BC00143067 /* LoginView.swift */ = {isa = PBXFileReference; lastKnownFileType = sourcecode.swift; path = LoginView.swift; sourceTree = "<group>"; };
/* End PBXFileReference section */

/* Begin PBXFrameworksBuildPhase section */
		35E320F52822236F003F72C8 /* Frameworks */ = {
			isa = PBXFrameworksBuildPhase;
			buildActionMask = 2147483647;
			files = (
				35E3211828348EF9003F72C8 /* FirebaseAuth in Frameworks */,
				35E3211A28348EF9003F72C8 /* FirebaseFirestoreSwift in Frameworks */,
				35E3211C28348EF9003F72C8 /* FirebaseStorage in Frameworks */,
			);
			runOnlyForDeploymentPostprocessing = 0;
		};
/* End PBXFrameworksBuildPhase section */

/* Begin PBXGroup section */
		35AE0D3328572AB20055B263 /* Model */ = {
			isa = PBXGroup;
			children = (
				35E4D000284F56CE00143067 /* User.swift */,
				35E4CFFC284CA93500143067 /* MyColor.swift */,
			);
			path = Model;
			sourceTree = "<group>";
		};
		35E320EF2822236F003F72C8 = {
			isa = PBXGroup;
			children = (
				35E320FA2822236F003F72C8 /* FinalPoject */,
				35E320F92822236F003F72C8 /* Products */,
			);
			sourceTree = "<group>";
		};
		35E320F92822236F003F72C8 /* Products */ = {
			isa = PBXGroup;
			children = (
				35E320F82822236F003F72C8 /* FinalPoject.app */,
			);
			name = Products;
			sourceTree = "<group>";
		};
		35E320FA2822236F003F72C8 /* FinalPoject */ = {
			isa = PBXGroup;
			children = (
				35AE0D3328572AB20055B263 /* Model */,
				35E4CFFB284CA8CB00143067 /* View */,
				35E4CFFA284CA8B500143067 /* FirebaseService */,
				35E3210B2822242F003F72C8 /* GoogleService-Info.plist */,
				35E320FB2822236F003F72C8 /* FinalPojectApp.swift */,
				35E320FF2822237A003F72C8 /* Assets.xcassets */,
				35E321042822237A003F72C8 /* Info.plist */,
				35E321012822237A003F72C8 /* Preview Content */,
				35E4D00D2851151C00143067 /* Pincllo Demo.ttf */,
			);
			path = FinalPoject;
			sourceTree = "<group>";
		};
		35E321012822237A003F72C8 /* Preview Content */ = {
			isa = PBXGroup;
			children = (
				35E321022822237A003F72C8 /* Preview Assets.xcassets */,
			);
			path = "Preview Content";
			sourceTree = "<group>";
		};
		35E4CFFA284CA8B500143067 /* FirebaseService */ = {
			isa = PBXGroup;
			children = (
				35E4CFF32847721C00143067 /* MailLogin.swift */,
				35B6EBE12859D337009CB1B0 /* UserControl.swift */,
				35B6EBE42861924C009CB1B0 /* Game.swift */,
			);
			path = FirebaseService;
			sourceTree = "<group>";
		};
		35E4CFFB284CA8CB00143067 /* View */ = {
			isa = PBXGroup;
			children = (
				35E320FD2822236F003F72C8 /* ContentView.swift */,
				35E4CFF6284A4C2100143067 /* MakeRoleView.swift */,
				35E4D0092850DB8400143067 /* ExtensionView.swift */,
				35E4D011285116BC00143067 /* LoginView.swift */,
				35AE0D2C285323D30055B263 /* ProfileView.swift */,
				35AE0D2F2853289A0055B263 /* EditProfileView.swift */,
			);
			path = View;
			sourceTree = "<group>";
		};
/* End PBXGroup section */

/* Begin PBXNativeTarget section */
		35E320F72822236F003F72C8 /* FinalPoject */ = {
			isa = PBXNativeTarget;
			buildConfigurationList = 35E321072822237A003F72C8 /* Build configuration list for PBXNativeTarget "FinalPoject" */;
			buildPhases = (
				35E320F42822236F003F72C8 /* Sources */,
				35E320F52822236F003F72C8 /* Frameworks */,
				35E320F62822236F003F72C8 /* Resources */,
			);
			buildRules = (
			);
			dependencies = (
			);
			name = FinalPoject;
			packageProductDependencies = (
				35E3211728348EF9003F72C8 /* FirebaseAuth */,
				35E3211928348EF9003F72C8 /* FirebaseFirestoreSwift */,
				35E3211B28348EF9003F72C8 /* FirebaseStorage */,
			);
			productName = FinalPoject;
			productReference = 35E320F82822236F003F72C8 /* FinalPoject.app */;
			productType = "com.apple.product-type.application";
		};
/* End PBXNativeTarget section */

/* Begin PBXProject section */
		35E320F02822236F003F72C8 /* Project object */ = {
			isa = PBXProject;
			attributes = {
				LastSwiftUpdateCheck = 1200;
				LastUpgradeCheck = 1200;
				TargetAttributes = {
					35E320F72822236F003F72C8 = {
						CreatedOnToolsVersion = 12.0;
					};
				};
			};
			buildConfigurationList = 35E320F32822236F003F72C8 /* Build configuration list for PBXProject "FinalPoject" */;
			compatibilityVersion = "Xcode 9.3";
			developmentRegion = en;
			hasScannedForEncodings = 0;
			knownRegions = (
				en,
				Base,
			);
			mainGroup = 35E320EF2822236F003F72C8;
			packageReferences = (
				35E3211628348EF9003F72C8 /* XCRemoteSwiftPackageReference "firebase-ios-sdk" */,
			);
			productRefGroup = 35E320F92822236F003F72C8 /* Products */;
			projectDirPath = "";
			projectRoot = "";
			targets = (
				35E320F72822236F003F72C8 /* FinalPoject */,
			);
		};
/* End PBXProject section */

/* Begin PBXResourcesBuildPhase section */
		35E320F62822236F003F72C8 /* Resources */ = {
			isa = PBXResourcesBuildPhase;
			buildActionMask = 2147483647;
			files = (
				35E321032822237A003F72C8 /* Preview Assets.xcassets in Resources */,
				35E321002822237A003F72C8 /* Assets.xcassets in Resources */,
				35E4D00E2851151C00143067 /* Pincllo Demo.ttf in Resources */,
				35E3210C2822242F003F72C8 /* GoogleService-Info.plist in Resources */,
			);
			runOnlyForDeploymentPostprocessing = 0;
		};
/* End PBXResourcesBuildPhase section */

/* Begin PBXSourcesBuildPhase section */
		35E320F42822236F003F72C8 /* Sources */ = {
			isa = PBXSourcesBuildPhase;
			buildActionMask = 2147483647;
			files = (
				35AE0D302853289A0055B263 /* EditProfileView.swift in Sources */,
				35B6EBE22859D337009CB1B0 /* UserControl.swift in Sources */,
				35E4CFFD284CA93500143067 /* MyColor.swift in Sources */,
				35AE0D2D285323D30055B263 /* ProfileView.swift in Sources */,
				35E4CFF7284A4C2100143067 /* MakeRoleView.swift in Sources */,
				35E4D001284F56CE00143067 /* User.swift in Sources */,
				35E4CFF42847721C00143067 /* MailLogin.swift in Sources */,
				35B6EBE52861924D009CB1B0 /* Game.swift in Sources */,
				35E4D00A2850DB8400143067 /* ExtensionView.swift in Sources */,
				35E320FE2822236F003F72C8 /* ContentView.swift in Sources */,
				35E4D012285116BC00143067 /* LoginView.swift in Sources */,
				35E320FC2822236F003F72C8 /* FinalPojectApp.swift in Sources */,
			);
			runOnlyForDeploymentPostprocessing = 0;
		};
/* End PBXSourcesBuildPhase section */

/* Begin XCBuildConfiguration section */
		35E321052822237A003F72C8 /* Debug */ = {
			isa = XCBuildConfiguration;
			buildSettings = {
				ALWAYS_SEARCH_USER_PATHS = NO;
				CLANG_ANALYZER_NONNULL = YES;
				CLANG_ANALYZER_NUMBER_OBJECT_CONVERSION = YES_AGGRESSIVE;
				CLANG_CXX_LANGUAGE_STANDARD = "gnu++14";
				CLANG_CXX_LIBRARY = "libc++";
				CLANG_ENABLE_MODULES = YES;
				CLANG_ENABLE_OBJC_ARC = YES;
				CLANG_ENABLE_OBJC_WEAK = YES;
				CLANG_WARN_BLOCK_CAPTURE_AUTORELEASING = YES;
				CLANG_WARN_BOOL_CONVERSION = YES;
				CLANG_WARN_COMMA = YES;
				CLANG_WARN_CONSTANT_CONVERSION = YES;
				CLANG_WARN_DEPRECATED_OBJC_IMPLEMENTATIONS = YES;
				CLANG_WARN_DIRECT_OBJC_ISA_USAGE = YES_ERROR;
				CLANG_WARN_DOCUMENTATION_COMMENTS = YES;
				CLANG_WARN_EMPTY_BODY = YES;
				CLANG_WARN_ENUM_CONVERSION = YES;
				CLANG_WARN_INFINITE_RECURSION = YES;
				CLANG_WARN_INT_CONVERSION = YES;
				CLANG_WARN_NON_LITERAL_NULL_CONVERSION = YES;
				CLANG_WARN_OBJC_IMPLICIT_RETAIN_SELF = YES;
				CLANG_WARN_OBJC_LITERAL_CONVERSION = YES;
				CLANG_WARN_OBJC_ROOT_CLASS = YES_ERROR;
				CLANG_WARN_QUOTED_INCLUDE_IN_FRAMEWORK_HEADER = YES;
				CLANG_WARN_RANGE_LOOP_ANALYSIS = YES;
				CLANG_WARN_STRICT_PROTOTYPES = YES;
				CLANG_WARN_SUSPICIOUS_MOVE = YES;
				CLANG_WARN_UNGUARDED_AVAILABILITY = YES_AGGRESSIVE;
				CLANG_WARN_UNREACHABLE_CODE = YES;
				CLANG_WARN__DUPLICATE_METHOD_MATCH = YES;
				COPY_PHASE_STRIP = NO;
				DEBUG_INFORMATION_FORMAT = dwarf;
				ENABLE_STRICT_OBJC_MSGSEND = YES;
				ENABLE_TESTABILITY = YES;
				GCC_C_LANGUAGE_STANDARD = gnu11;
				GCC_DYNAMIC_NO_PIC = NO;
				GCC_NO_COMMON_BLOCKS = YES;
				GCC_OPTIMIZATION_LEVEL = 0;
				GCC_PREPROCESSOR_DEFINITIONS = (
					"DEBUG=1",
					"$(inherited)",
				);
				GCC_WARN_64_TO_32_BIT_CONVERSION = YES;
				GCC_WARN_ABOUT_RETURN_TYPE = YES_ERROR;
				GCC_WARN_UNDECLARED_SELECTOR = YES;
				GCC_WARN_UNINITIALIZED_AUTOS = YES_AGGRESSIVE;
				GCC_WARN_UNUSED_FUNCTION = YES;
				GCC_WARN_UNUSED_VARIABLE = YES;
				IPHONEOS_DEPLOYMENT_TARGET = 14.0;
				MTL_ENABLE_DEBUG_INFO = INCLUDE_SOURCE;
				MTL_FAST_MATH = YES;
				ONLY_ACTIVE_ARCH = YES;
				SDKROOT = iphoneos;
				SWIFT_ACTIVE_COMPILATION_CONDITIONS = DEBUG;
				SWIFT_OPTIMIZATION_LEVEL = "-Onone";
			};
			name = Debug;
		};
		35E321062822237A003F72C8 /* Release */ = {
			isa = XCBuildConfiguration;
			buildSettings = {
				ALWAYS_SEARCH_USER_PATHS = NO;
				CLANG_ANALYZER_NONNULL = YES;
				CLANG_ANALYZER_NUMBER_OBJECT_CONVERSION = YES_AGGRESSIVE;
				CLANG_CXX_LANGUAGE_STANDARD = "gnu++14";
				CLANG_CXX_LIBRARY = "libc++";
				CLANG_ENABLE_MODULES = YES;
				CLANG_ENABLE_OBJC_ARC = YES;
				CLANG_ENABLE_OBJC_WEAK = YES;
				CLANG_WARN_BLOCK_CAPTURE_AUTORELEASING = YES;
				CLANG_WARN_BOOL_CONVERSION = YES;
				CLANG_WARN_COMMA = YES;
				CLANG_WARN_CONSTANT_CONVERSION = YES;
				CLANG_WARN_DEPRECATED_OBJC_IMPLEMENTATIONS = YES;
				CLANG_WARN_DIRECT_OBJC_ISA_USAGE = YES_ERROR;
				CLANG_WARN_DOCUMENTATION_COMMENTS = YES;
				CLANG_WARN_EMPTY_BODY = YES;
				CLANG_WARN_ENUM_CONVERSION = YES;
				CLANG_WARN_INFINITE_RECURSION = YES;
				CLANG_WARN_INT_CONVERSION = YES;
				CLANG_WARN_NON_LITERAL_NULL_CONVERSION = YES;
				CLANG_WARN_OBJC_IMPLICIT_RETAIN_SELF = YES;
				CLANG_WARN_OBJC_LITERAL_CONVERSION = YES;
				CLANG_WARN_OBJC_ROOT_CLASS = YES_ERROR;
				CLANG_WARN_QUOTED_INCLUDE_IN_FRAMEWORK_HEADER = YES;
				CLANG_WARN_RANGE_LOOP_ANALYSIS = YES;
				CLANG_WARN_STRICT_PROTOTYPES = YES;
				CLANG_WARN_SUSPICIOUS_MOVE = YES;
				CLANG_WARN_UNGUARDED_AVAILABILITY = YES_AGGRESSIVE;
				CLANG_WARN_UNREACHABLE_CODE = YES;
				CLANG_WARN__DUPLICATE_METHOD_MATCH = YES;
				COPY_PHASE_STRIP = NO;
				DEBUG_INFORMATION_FORMAT = "dwarf-with-dsym";
				ENABLE_NS_ASSERTIONS = NO;
				ENABLE_STRICT_OBJC_MSGSEND = YES;
				GCC_C_LANGUAGE_STANDARD = gnu11;
				GCC_NO_COMMON_BLOCKS = YES;
				GCC_WARN_64_TO_32_BIT_CONVERSION = YES;
				GCC_WARN_ABOUT_RETURN_TYPE = YES_ERROR;
				GCC_WARN_UNDECLARED_SELECTOR = YES;
				GCC_WARN_UNINITIALIZED_AUTOS = YES_AGGRESSIVE;
				GCC_WARN_UNUSED_FUNCTION = YES;
				GCC_WARN_UNUSED_VARIABLE = YES;
				IPHONEOS_DEPLOYMENT_TARGET = 14.0;
				MTL_ENABLE_DEBUG_INFO = NO;
				MTL_FAST_MATH = YES;
				SDKROOT = iphoneos;
				SWIFT_COMPILATION_MODE = wholemodule;
				SWIFT_OPTIMIZATION_LEVEL = "-O";
				VALIDATE_PRODUCT = YES;
			};
			name = Release;
		};
		35E321082822237A003F72C8 /* Debug */ = {
			isa = XCBuildConfiguration;
			buildSettings = {
				ASSETCATALOG_COMPILER_APPICON_NAME = AppIcon;
				ASSETCATALOG_COMPILER_GLOBAL_ACCENT_COLOR_NAME = AccentColor;
				CODE_SIGN_STYLE = Automatic;
				DEVELOPMENT_ASSET_PATHS = "\"FinalPoject/Preview Content\"";
				ENABLE_PREVIEWS = YES;
				INFOPLIST_FILE = FinalPoject/Info.plist;
				IPHONEOS_DEPLOYMENT_TARGET = 14.0;
				LD_RUNPATH_SEARCH_PATHS = (
					"$(inherited)",
					"@executable_path/Frameworks",
				);
				PRODUCT_BUNDLE_IDENTIFIER = com.ios.banana.FinalPoject;
				PRODUCT_NAME = "$(TARGET_NAME)";
				SWIFT_VERSION = 5.0;
				TARGETED_DEVICE_FAMILY = "1,2";
			};
			name = Debug;
		};
		35E321092822237A003F72C8 /* Release */ = {
			isa = XCBuildConfiguration;
			buildSettings = {
				ASSETCATALOG_COMPILER_APPICON_NAME = AppIcon;
				ASSETCATALOG_COMPILER_GLOBAL_ACCENT_COLOR_NAME = AccentColor;
				CODE_SIGN_STYLE = Automatic;
				DEVELOPMENT_ASSET_PATHS = "\"FinalPoject/Preview Content\"";
				ENABLE_PREVIEWS = YES;
				INFOPLIST_FILE = FinalPoject/Info.plist;
				IPHONEOS_DEPLOYMENT_TARGET = 14.0;
				LD_RUNPATH_SEARCH_PATHS = (
					"$(inherited)",
					"@executable_path/Frameworks",
				);
				PRODUCT_BUNDLE_IDENTIFIER = com.ios.banana.FinalPoject;
				PRODUCT_NAME = "$(TARGET_NAME)";
				SWIFT_VERSION = 5.0;
				TARGETED_DEVICE_FAMILY = "1,2";
			};
			name = Release;
		};
/* End XCBuildConfiguration section */

/* Begin XCConfigurationList section */
		35E320F32822236F003F72C8 /* Build configuration list for PBXProject "FinalPoject" */ = {
			isa = XCConfigurationList;
			buildConfigurations = (
				35E321052822237A003F72C8 /* Debug */,
				35E321062822237A003F72C8 /* Release */,
			);
			defaultConfigurationIsVisible = 0;
			defaultConfigurationName = Release;
		};
		35E321072822237A003F72C8 /* Build configuration list for PBXNativeTarget "FinalPoject" */ = {
			isa = XCConfigurationList;
			buildConfigurations = (
				35E321082822237A003F72C8 /* Debug */,
				35E321092822237A003F72C8 /* Release */,
			);
			defaultConfigurationIsVisible = 0;
			defaultConfigurationName = Release;
		};
/* End XCConfigurationList section */

/* Begin XCRemoteSwiftPackageReference section */
		35E3211628348EF9003F72C8 /* XCRemoteSwiftPackageReference "firebase-ios-sdk" */ = {
			isa = XCRemoteSwiftPackageReference;
			repositoryURL = "https://github.com/firebase/firebase-ios-sdk";
			requirement = {
				kind = upToNextMajorVersion;
				minimumVersion = 9.0.0;
			};
		};
/* End XCRemoteSwiftPackageReference section */

/* Begin XCSwiftPackageProductDependency section */
		35E3211728348EF9003F72C8 /* FirebaseAuth */ = {
			isa = XCSwiftPackageProductDependency;
			package = 35E3211628348EF9003F72C8 /* XCRemoteSwiftPackageReference "firebase-ios-sdk" */;
			productName = FirebaseAuth;
		};
		35E3211928348EF9003F72C8 /* FirebaseFirestoreSwift */ = {
			isa = XCSwiftPackageProductDependency;
			package = 35E3211628348EF9003F72C8 /* XCRemoteSwiftPackageReference "firebase-ios-sdk" */;
			productName = FirebaseFirestoreSwift;
		};
		35E3211B28348EF9003F72C8 /* FirebaseStorage */ = {
			isa = XCSwiftPackageProductDependency;
			package = 35E3211628348EF9003F72C8 /* XCRemoteSwiftPackageReference "firebase-ios-sdk" */;
			productName = FirebaseStorage;
		};
/* End XCSwiftPackageProductDependency section */
	};
	rootObject = 35E320F02822236F003F72C8 /* Project object */;
}
